
Microsoft Visual Studio Solution File, Format Version 12.00
# Visual Studio 2012
Project("{FAE04EC0-301F-11D3-BF4B-00C04F79EFBC}") = "WeddingManager", "WeddingManager\WeddingManager.csproj", "{C2C4F7E0-CECF-401C-AD9D-7AAF4B9A04DC}"
EndProject
Project("{FAE04EC0-301F-11D3-BF4B-00C04F79EFBC}") = "Infrastructure", "Infrastructure\Infrastructure.csproj", "{F03796D5-EE4E-48AB-9FB3-2FEFD3A464E9}"
EndProject
Project("{FAE04EC0-301F-11D3-BF4B-00C04F79EFBC}") = "DataSource", "DataSource\DataSource.csproj", "{27506C10-802E-4D58-9B88-DFD4613E9ED6}"
EndProject
Project("{FAE04EC0-301F-11D3-BF4B-00C04F79EFBC}") = "VisualControls", "VisualControls\VisualControls.csproj", "{6A8D5371-3295-43F2-80F3-DCAC80CA54EE}"
EndProject
Global
	GlobalSection(SolutionConfigurationPlatforms) = preSolution
		Debug|Any CPU = Debug|Any CPU
		Release|Any CPU = Release|Any CPU
	EndGlobalSection
	GlobalSection(ProjectConfigurationPlatforms) = postSolution
		{C2C4F7E0-CECF-401C-AD9D-7AAF4B9A04DC}.Debug|Any CPU.ActiveCfg = Debug|Any CPU
		{C2C4F7E0-CECF-401C-AD9D-7AAF4B9A04DC}.Debug|Any CPU.Build.0 = Debug|Any CPU
		{C2C4F7E0-CECF-401C-AD9D-7AAF4B9A04DC}.Release|Any CPU.ActiveCfg = Release|Any CPU
		{C2C4F7E0-CECF-401C-AD9D-7AAF4B9A04DC}.Release|Any CPU.Build.0 = Release|Any CPU
		{F03796D5-EE4E-48AB-9FB3-2FEFD3A464E9}.Debug|Any CPU.ActiveCfg = Debug|Any CPU
		{F03796D5-EE4E-48AB-9FB3-2FEFD3A464E9}.Debug|Any CPU.Build.0 = Debug|Any CPU
		{F03796D5-EE4E-48AB-9FB3-2FEFD3A464E9}.Release|Any CPU.ActiveCfg = Release|Any CPU
		{F03796D5-EE4E-48AB-9FB3-2FEFD3A464E9}.Release|Any CPU.Build.0 = Release|Any CPU
		{27506C10-802E-4D58-9B88-DFD4613E9ED6}.Debug|Any CPU.ActiveCfg = Debug|Any CPU
		{27506C10-802E-4D58-9B88-DFD4613E9ED6}.Debug|Any CPU.Build.0 = Debug|Any CPU
		{27506C10-802E-4D58-9B88-DFD4613E9ED6}.Release|Any CPU.ActiveCfg = Release|Any CPU
		{27506C10-802E-4D58-9B88-DFD4613E9ED6}.Release|Any CPU.Build.0 = Release|Any CPU
		{6A8D5371-3295-43F2-80F3-DCAC80CA54EE}.Debug|Any CPU.ActiveCfg = Debug|Any CPU
		{6A8D5371-3295-43F2-80F3-DCAC80CA54EE}.Debug|Any CPU.Build.0 = Debug|Any CPU
		{6A8D5371-3295-43F2-80F3-DCAC80CA54EE}.Release|Any CPU.ActiveCfg = Release|Any CPU
		{6A8D5371-3295-43F2-80F3-DCAC80CA54EE}.Release|Any CPU.Build.0 = Release|Any CPU
	EndGlobalSection
	GlobalSection(SolutionProperties) = preSolution
		HideSolutionNode = FALSE
	EndGlobalSection
EndGlobal
